
Microsoft Visual Studio Solution File, Format Version 12.00
# Visual Studio Version 17
VisualStudioVersion = 17.3.32804.467
MinimumVisualStudioVersion = 10.0.40219.1
Project("{FAE04EC0-301F-11D3-BF4B-00C04F79EFBC}") = "BankProject1", "BankProject1\BankProject1.csproj", "{CEB7CE1B-7163-4B15-832C-0E24B3F93580}"
EndProject
Global
	GlobalSection(SolutionConfigurationPlatforms) = preSolution
		Debug|Any CPU = Debug|Any CPU
		Release|Any CPU = Release|Any CPU
	EndGlobalSection
	GlobalSection(ProjectConfigurationPlatforms) = postSolution
		{CEB7CE1B-7163-4B15-832C-0E24B3F93580}.Debug|Any CPU.ActiveCfg = Debug|Any CPU
		{CEB7CE1B-7163-4B15-832C-0E24B3F93580}.Debug|Any CPU.Build.0 = Debug|Any CPU
		{CEB7CE1B-7163-4B15-832C-0E24B3F93580}.Release|Any CPU.ActiveCfg = Release|Any CPU
		{CEB7CE1B-7163-4B15-832C-0E24B3F93580}.Release|Any CPU.Build.0 = Release|Any CPU
	EndGlobalSection
	GlobalSection(SolutionProperties) = preSolution
		HideSolutionNode = FALSE
	EndGlobalSection
	GlobalSection(ExtensibilityGlobals) = postSolution
		SolutionGuid = {11853578-F35C-4F43-BE58-2812B2ADA5B1}
	EndGlobalSection
EndGlobal
